
Microsoft Visual Studio Solution File, Format Version 12.00
# Visual Studio 15
VisualStudioVersion = 15.0.27428.2043
MinimumVisualStudioVersion = 10.0.40219.1
Project("{FAE04EC0-301F-11D3-BF4B-00C04F79EFBC}") = "Module_8", "Module_8\Module_8.csproj", "{ECDB51E1-EEC9-40E2-9D77-F4DB78656BE7}"
EndProject
Project("{FAE04EC0-301F-11D3-BF4B-00C04F79EFBC}") = "Array", "Array\Array.csproj", "{AFAA2CB0-C23D-41F7-8232-C97D2555E8DF}"
EndProject
Global
	GlobalSection(SolutionConfigurationPlatforms) = preSolution
		Debug|Any CPU = Debug|Any CPU
		Release|Any CPU = Release|Any CPU
	EndGlobalSection
	GlobalSection(ProjectConfigurationPlatforms) = postSolution
		{ECDB51E1-EEC9-40E2-9D77-F4DB78656BE7}.Debug|Any CPU.ActiveCfg = Debug|Any CPU
		{ECDB51E1-EEC9-40E2-9D77-F4DB78656BE7}.Debug|Any CPU.Build.0 = Debug|Any CPU
		{ECDB51E1-EEC9-40E2-9D77-F4DB78656BE7}.Release|Any CPU.ActiveCfg = Release|Any CPU
		{ECDB51E1-EEC9-40E2-9D77-F4DB78656BE7}.Release|Any CPU.Build.0 = Release|Any CPU
		{AFAA2CB0-C23D-41F7-8232-C97D2555E8DF}.Debug|Any CPU.ActiveCfg = Debug|Any CPU
		{AFAA2CB0-C23D-41F7-8232-C97D2555E8DF}.Debug|Any CPU.Build.0 = Debug|Any CPU
		{AFAA2CB0-C23D-41F7-8232-C97D2555E8DF}.Release|Any CPU.ActiveCfg = Release|Any CPU
		{AFAA2CB0-C23D-41F7-8232-C97D2555E8DF}.Release|Any CPU.Build.0 = Release|Any CPU
	EndGlobalSection
	GlobalSection(SolutionProperties) = preSolution
		HideSolutionNode = FALSE
	EndGlobalSection
	GlobalSection(ExtensibilityGlobals) = postSolution
		SolutionGuid = {4565ECCC-1D8A-470F-BDD7-5F026E4846F5}
	EndGlobalSection
EndGlobal
